
Microsoft Visual Studio Solution File, Format Version 12.00
# Visual Studio Version 16
VisualStudioVersion = 16.0.29020.237
MinimumVisualStudioVersion = 10.0.40219.1
Project("{FAE04EC0-301F-11D3-BF4B-00C04F79EFBC}") = "0704_03", "0704_03\0704_03.csproj", "{2AEE8995-4131-44DF-AB5F-7A5780609E19}"
EndProject
Global
	GlobalSection(SolutionConfigurationPlatforms) = preSolution
		Debug|Any CPU = Debug|Any CPU
		Release|Any CPU = Release|Any CPU
	EndGlobalSection
	GlobalSection(ProjectConfigurationPlatforms) = postSolution
		{2AEE8995-4131-44DF-AB5F-7A5780609E19}.Debug|Any CPU.ActiveCfg = Debug|Any CPU
		{2AEE8995-4131-44DF-AB5F-7A5780609E19}.Debug|Any CPU.Build.0 = Debug|Any CPU
		{2AEE8995-4131-44DF-AB5F-7A5780609E19}.Release|Any CPU.ActiveCfg = Release|Any CPU
		{2AEE8995-4131-44DF-AB5F-7A5780609E19}.Release|Any CPU.Build.0 = Release|Any CPU
	EndGlobalSection
	GlobalSection(SolutionProperties) = preSolution
		HideSolutionNode = FALSE
	EndGlobalSection
	GlobalSection(ExtensibilityGlobals) = postSolution
		SolutionGuid = {A464A909-862B-41C5-8227-C0C16D6ABC92}
	EndGlobalSection
EndGlobal
