
Microsoft Visual Studio Solution File, Format Version 12.00
# Visual Studio Version 16
VisualStudioVersion = 16.0.29020.237
MinimumVisualStudioVersion = 10.0.40219.1
Project("{FAE04EC0-301F-11D3-BF4B-00C04F79EFBC}") = "0703_04", "0703_04\0703_04.csproj", "{093D722F-B32A-482D-97A6-D2F6D6648644}"
EndProject
Global
	GlobalSection(SolutionConfigurationPlatforms) = preSolution
		Debug|Any CPU = Debug|Any CPU
		Release|Any CPU = Release|Any CPU
	EndGlobalSection
	GlobalSection(ProjectConfigurationPlatforms) = postSolution
		{093D722F-B32A-482D-97A6-D2F6D6648644}.Debug|Any CPU.ActiveCfg = Debug|Any CPU
		{093D722F-B32A-482D-97A6-D2F6D6648644}.Debug|Any CPU.Build.0 = Debug|Any CPU
		{093D722F-B32A-482D-97A6-D2F6D6648644}.Release|Any CPU.ActiveCfg = Release|Any CPU
		{093D722F-B32A-482D-97A6-D2F6D6648644}.Release|Any CPU.Build.0 = Release|Any CPU
	EndGlobalSection
	GlobalSection(SolutionProperties) = preSolution
		HideSolutionNode = FALSE
	EndGlobalSection
	GlobalSection(ExtensibilityGlobals) = postSolution
		SolutionGuid = {52998AC6-52E2-48B2-8C37-AE0FAD9F8938}
	EndGlobalSection
EndGlobal
