
Microsoft Visual Studio Solution File, Format Version 12.00
# Visual Studio Version 16
VisualStudioVersion = 16.0.29020.237
MinimumVisualStudioVersion = 10.0.40219.1
Project("{FAE04EC0-301F-11D3-BF4B-00C04F79EFBC}") = "0703_03", "0703_03\0703_03.csproj", "{56EF6721-5259-4B50-9059-EC1972A8F5B6}"
EndProject
Global
	GlobalSection(SolutionConfigurationPlatforms) = preSolution
		Debug|Any CPU = Debug|Any CPU
		Release|Any CPU = Release|Any CPU
	EndGlobalSection
	GlobalSection(ProjectConfigurationPlatforms) = postSolution
		{56EF6721-5259-4B50-9059-EC1972A8F5B6}.Debug|Any CPU.ActiveCfg = Debug|Any CPU
		{56EF6721-5259-4B50-9059-EC1972A8F5B6}.Debug|Any CPU.Build.0 = Debug|Any CPU
		{56EF6721-5259-4B50-9059-EC1972A8F5B6}.Release|Any CPU.ActiveCfg = Release|Any CPU
		{56EF6721-5259-4B50-9059-EC1972A8F5B6}.Release|Any CPU.Build.0 = Release|Any CPU
	EndGlobalSection
	GlobalSection(SolutionProperties) = preSolution
		HideSolutionNode = FALSE
	EndGlobalSection
	GlobalSection(ExtensibilityGlobals) = postSolution
		SolutionGuid = {A29E2745-E0D5-49A8-ACF4-1E8B1C21706C}
	EndGlobalSection
EndGlobal
