
Microsoft Visual Studio Solution File, Format Version 12.00
# Visual Studio Version 16
VisualStudioVersion = 16.0.29020.237
MinimumVisualStudioVersion = 10.0.40219.1
Project("{FAE04EC0-301F-11D3-BF4B-00C04F79EFBC}") = "0704_02", "0704_02\0704_02.csproj", "{2FD3F9B2-35CB-4403-A132-DCF498145B8F}"
EndProject
Global
	GlobalSection(SolutionConfigurationPlatforms) = preSolution
		Debug|Any CPU = Debug|Any CPU
		Release|Any CPU = Release|Any CPU
	EndGlobalSection
	GlobalSection(ProjectConfigurationPlatforms) = postSolution
		{2FD3F9B2-35CB-4403-A132-DCF498145B8F}.Debug|Any CPU.ActiveCfg = Debug|Any CPU
		{2FD3F9B2-35CB-4403-A132-DCF498145B8F}.Debug|Any CPU.Build.0 = Debug|Any CPU
		{2FD3F9B2-35CB-4403-A132-DCF498145B8F}.Release|Any CPU.ActiveCfg = Release|Any CPU
		{2FD3F9B2-35CB-4403-A132-DCF498145B8F}.Release|Any CPU.Build.0 = Release|Any CPU
	EndGlobalSection
	GlobalSection(SolutionProperties) = preSolution
		HideSolutionNode = FALSE
	EndGlobalSection
	GlobalSection(ExtensibilityGlobals) = postSolution
		SolutionGuid = {E0C9414E-933A-44A1-AD75-C09FE351E2C7}
	EndGlobalSection
EndGlobal
