
Microsoft Visual Studio Solution File, Format Version 12.00
# Visual Studio Version 16
VisualStudioVersion = 16.0.29020.237
MinimumVisualStudioVersion = 10.0.40219.1
Project("{FAE04EC0-301F-11D3-BF4B-00C04F79EFBC}") = "0702_01", "0702_01\0702_01.csproj", "{3677C1B4-1F94-4A0D-B5E2-C0463608714E}"
EndProject
Global
	GlobalSection(SolutionConfigurationPlatforms) = preSolution
		Debug|Any CPU = Debug|Any CPU
		Release|Any CPU = Release|Any CPU
	EndGlobalSection
	GlobalSection(ProjectConfigurationPlatforms) = postSolution
		{3677C1B4-1F94-4A0D-B5E2-C0463608714E}.Debug|Any CPU.ActiveCfg = Debug|Any CPU
		{3677C1B4-1F94-4A0D-B5E2-C0463608714E}.Debug|Any CPU.Build.0 = Debug|Any CPU
		{3677C1B4-1F94-4A0D-B5E2-C0463608714E}.Release|Any CPU.ActiveCfg = Release|Any CPU
		{3677C1B4-1F94-4A0D-B5E2-C0463608714E}.Release|Any CPU.Build.0 = Release|Any CPU
	EndGlobalSection
	GlobalSection(SolutionProperties) = preSolution
		HideSolutionNode = FALSE
	EndGlobalSection
	GlobalSection(ExtensibilityGlobals) = postSolution
		SolutionGuid = {661F9D0F-6FC9-4DAA-9AF0-722F38FB138B}
	EndGlobalSection
EndGlobal
