
Microsoft Visual Studio Solution File, Format Version 12.00
# Visual Studio Version 16
VisualStudioVersion = 16.0.29020.237
MinimumVisualStudioVersion = 10.0.40219.1
Project("{FAE04EC0-301F-11D3-BF4B-00C04F79EFBC}") = "0702_03", "0702_03\0702_03.csproj", "{24A73C52-11F8-48A4-941A-DF5FC6032DB7}"
EndProject
Global
	GlobalSection(SolutionConfigurationPlatforms) = preSolution
		Debug|Any CPU = Debug|Any CPU
		Release|Any CPU = Release|Any CPU
	EndGlobalSection
	GlobalSection(ProjectConfigurationPlatforms) = postSolution
		{24A73C52-11F8-48A4-941A-DF5FC6032DB7}.Debug|Any CPU.ActiveCfg = Debug|Any CPU
		{24A73C52-11F8-48A4-941A-DF5FC6032DB7}.Debug|Any CPU.Build.0 = Debug|Any CPU
		{24A73C52-11F8-48A4-941A-DF5FC6032DB7}.Release|Any CPU.ActiveCfg = Release|Any CPU
		{24A73C52-11F8-48A4-941A-DF5FC6032DB7}.Release|Any CPU.Build.0 = Release|Any CPU
	EndGlobalSection
	GlobalSection(SolutionProperties) = preSolution
		HideSolutionNode = FALSE
	EndGlobalSection
	GlobalSection(ExtensibilityGlobals) = postSolution
		SolutionGuid = {11A03B7F-2E73-4EBB-B9C1-9AFD73A0418C}
	EndGlobalSection
EndGlobal
